
Microsoft Visual Studio Solution File, Format Version 12.00
# Visual Studio Version 17
VisualStudioVersion = 17.8.34330.188
MinimumVisualStudioVersion = 10.0.40219.1
Project("{9A19103F-16F7-4668-BE54-9A1E7A4F7556}") = "ServerManagement", "ServerManagerment\ServerManagement.csproj", "{48846928-A8C8-4E6E-9C9B-84637E6E64B0}"
EndProject
Project("{FAE04EC0-301F-11D3-BF4B-00C04F79EFBC}") = "WebAssemblyDemo", "WebAssemblyDemo\WebAssemblyDemo\WebAssemblyDemo.csproj", "{18CACAA8-AE1E-4E31-81EF-0A6F9A27FF05}"
EndProject
Project("{FAE04EC0-301F-11D3-BF4B-00C04F79EFBC}") = "WebAssemblyDemo.Client", "WebAssemblyDemo\WebAssemblyDemo.Client\WebAssemblyDemo.Client.csproj", "{17A5D361-0A57-42BA-BE96-BE2BC011B08C}"
EndProject
Global
	GlobalSection(SolutionConfigurationPlatforms) = preSolution
		Debug|Any CPU = Debug|Any CPU
		Release|Any CPU = Release|Any CPU
	EndGlobalSection
	GlobalSection(ProjectConfigurationPlatforms) = postSolution
		{48846928-A8C8-4E6E-9C9B-84637E6E64B0}.Debug|Any CPU.ActiveCfg = Debug|Any CPU
		{48846928-A8C8-4E6E-9C9B-84637E6E64B0}.Debug|Any CPU.Build.0 = Debug|Any CPU
		{48846928-A8C8-4E6E-9C9B-84637E6E64B0}.Release|Any CPU.ActiveCfg = Release|Any CPU
		{48846928-A8C8-4E6E-9C9B-84637E6E64B0}.Release|Any CPU.Build.0 = Release|Any CPU
		{18CACAA8-AE1E-4E31-81EF-0A6F9A27FF05}.Debug|Any CPU.ActiveCfg = Debug|Any CPU
		{18CACAA8-AE1E-4E31-81EF-0A6F9A27FF05}.Debug|Any CPU.Build.0 = Debug|Any CPU
		{18CACAA8-AE1E-4E31-81EF-0A6F9A27FF05}.Release|Any CPU.ActiveCfg = Release|Any CPU
		{18CACAA8-AE1E-4E31-81EF-0A6F9A27FF05}.Release|Any CPU.Build.0 = Release|Any CPU
		{17A5D361-0A57-42BA-BE96-BE2BC011B08C}.Debug|Any CPU.ActiveCfg = Debug|Any CPU
		{17A5D361-0A57-42BA-BE96-BE2BC011B08C}.Debug|Any CPU.Build.0 = Debug|Any CPU
		{17A5D361-0A57-42BA-BE96-BE2BC011B08C}.Release|Any CPU.ActiveCfg = Release|Any CPU
		{17A5D361-0A57-42BA-BE96-BE2BC011B08C}.Release|Any CPU.Build.0 = Release|Any CPU
	EndGlobalSection
	GlobalSection(SolutionProperties) = preSolution
		HideSolutionNode = FALSE
	EndGlobalSection
	GlobalSection(ExtensibilityGlobals) = postSolution
		SolutionGuid = {827E5E5C-F286-48FF-81AB-AC8975619D08}
	EndGlobalSection
EndGlobal
